Microsoft Visual Studio Solution File, Format Version 12.00
# Visual Studio Version 17
VisualStudioVersion = 17.5.2.0
MinimumVisualStudioVersion = 10.0.40219.1
Project("{FAE04EC0-301F-11D3-BF4B-00C04F79EFBC}") = "YoloDetect", "YoloDetect.csproj", "{681EEFC3-F9F2-B214-A50E-3E08FE47D733}"
EndProject
Global
	GlobalSection(SolutionConfigurationPlatforms) = preSolution
		Debug|Any CPU = Debug|Any CPU
		Release|Any CPU = Release|Any CPU
	EndGlobalSection
	GlobalSection(ProjectConfigurationPlatforms) = postSolution
		{681EEFC3-F9F2-B214-A50E-3E08FE47D733}.Debug|Any CPU.ActiveCfg = Debug|Any CPU
		{681EEFC3-F9F2-B214-A50E-3E08FE47D733}.Debug|Any CPU.Build.0 = Debug|Any CPU
		{681EEFC3-F9F2-B214-A50E-3E08FE47D733}.Release|Any CPU.ActiveCfg = Release|Any CPU
		{681EEFC3-F9F2-B214-A50E-3E08FE47D733}.Release|Any CPU.Build.0 = Release|Any CPU
	EndGlobalSection
	GlobalSection(SolutionProperties) = preSolution
		HideSolutionNode = FALSE
	EndGlobalSection
	GlobalSection(ExtensibilityGlobals) = postSolution
		SolutionGuid = {49AA6D2F-C939-4705-91B8-3E41453051EC}
	EndGlobalSection
EndGlobal
